<?xml version="1.0" encoding="utf-8"?>
<Project ToolsVersion="4.0" xmlns="http://schemas.microsoft.com/developer/msbuild/2003">
  <ItemGroup>
    <Filter Include="Source Files">
      <UniqueIdentifier>{4FC737F1-C7A5-4376-A066-2A32D752A2FF}</UniqueIdentifier>
      <Extensions>cpp;c;cc;cxx;def;odl;idl;hpj;bat;asm;asmx</Extensions>
    </Filter>
    <Filter Include="Header Files">
      <UniqueIdentifier>{93995380-89BD-4b04-88EB-625FBE52EBFB}</UniqueIdentifier>
      <Extensions>h;hh;hpp;hxx;hm;inl;inc;xsd</Extensions>
    </Filter>
    <Filter Include="Shaders">
      <UniqueIdentifier>{d2c0144c-33a0-48bf-839b-d04345f739a6}</UniqueIdentifier>
    </Filter>
    <Filter Include="MainTest">
      <UniqueIdentifier>{7959f324-2554-4755-925b-932d5cb1865f}</UniqueIdentifier>
    </Filter>
  </ItemGroup>
  <ItemGroup>
    <ClInclude Include="MyVisEnum.h">
      <Filter>Header Files</Filter>
    </ClInclude>
    <ClInclude Include="MyVisInfo.h">
      <Filter>Header Files</Filter>
    </ClInclude>
    <ClInclude Include="MyVisData.h">
      <Filter>Header Files</Filter>
    </ClInclude>
    <ClInclude Include="MyVisTrialManager.h">
      <Filter>Header Files</Filter>
    </ClInclude>
    <ClInclude Include="MyVisTract.h">
      <Filter>Header Files</Filter>
    </ClInclude>
    <ClInclude Include="MyVisRankingApp.h">
      <Filter>Header Files</Filter>
    </ClInclude>
    <ClInclude Include="..\SSAO\MyTracks.h">
      <Filter>Header Files</Filter>
    </ClInclude>
    <ClInclude Include="..\SSAO\MyTractVisBase.h">
      <Filter>Header Files</Filter>
    </ClInclude>
    <ClInclude Include="..\SSAO\MySuperquadric.h">
      <Filter>Header Files</Filter>
    </ClInclude>
    <ClInclude Include="..\SSAO\MyTensor.h">
      <Filter>Header Files</Filter>
    </ClInclude>
    <ClInclude Include="..\SSAO\MyArray.h">
      <Filter>Header Files</Filter>
    </ClInclude>
    <ClInclude Include="..\SSAO\MyBitmap.h">
      <Filter>Header Files</Filter>
    </ClInclude>
    <ClInclude Include="..\SSAO\MyBlackBodyColor.h">
      <Filter>Header Files</Filter>
    </ClInclude>
    <ClInclude Include="..\SSAO\MyBlurPass.h">
      <Filter>Header Files</Filter>
    </ClInclude>
    <ClInclude Include="..\SSAO\MyBoundingBox.h">
      <Filter>Header Files</Filter>
    </ClInclude>
    <ClInclude Include="..\SSAO\MyBox.h">
      <Filter>Header Files</Filter>
    </ClInclude>
    <ClInclude Include="..\SSAO\MyColor4.h">
      <Filter>Header Files</Filter>
    </ClInclude>
    <ClInclude Include="..\SSAO\MyFrameBuffer.h">
      <Filter>Header Files</Filter>
    </ClInclude>
    <ClInclude Include="..\SSAO\MyGraphicsTool.h">
      <Filter>Header Files</Filter>
    </ClInclude>
    <ClInclude Include="..\SSAO\MyImage.h">
      <Filter>Header Files</Filter>
    </ClInclude>
    <ClInclude Include="..\SSAO\MyLightingPass.h">
      <Filter>Header Files</Filter>
    </ClInclude>
    <ClInclude Include="..\SSAO\MyLine.h">
      <Filter>Header Files</Filter>
    </ClInclude>
    <ClInclude Include="..\SSAO\MyMathHelper.h">
      <Filter>Header Files</Filter>
    </ClInclude>
    <ClInclude Include="..\SSAO\MyMatrix.h">
      <Filter>Header Files</Filter>
    </ClInclude>
    <ClInclude Include="..\SSAO\MyMesh.h">
      <Filter>Header Files</Filter>
    </ClInclude>
    <ClInclude Include="..\SSAO\MyPolyLine.h">
      <Filter>Header Files</Filter>
    </ClInclude>
    <ClInclude Include="..\SSAO\MyPrimitiveDrawer.h">
      <Filter>Header Files</Filter>
    </ClInclude>
    <ClInclude Include="..\SSAO\MyQuadGeometry.h">
      <Filter>Header Files</Filter>
    </ClInclude>
    <ClInclude Include="..\SSAO\MyQuarternion.h">
      <Filter>Header Files</Filter>
    </ClInclude>
    <ClInclude Include="..\SSAO\MySsaoPass.h">
      <Filter>Header Files</Filter>
    </ClInclude>
    <ClInclude Include="..\SSAO\MyString.h">
      <Filter>Header Files</Filter>
    </ClInclude>
    <ClInclude Include="..\SSAO\MyTexture.h">
      <Filter>Header Files</Filter>
    </ClInclude>
    <ClInclude Include="..\SSAO\MyTrackBall.h">
      <Filter>Header Files</Filter>
    </ClInclude>
    <ClInclude Include="..\SSAO\MyTrackRings.h">
      <Filter>Header Files</Filter>
    </ClInclude>
    <ClInclude Include="..\SSAO\MyUtility.h">
      <Filter>Header Files</Filter>
    </ClInclude>
    <ClInclude Include="..\SSAO\MyVec.h">
      <Filter>Header Files</Filter>
    </ClInclude>
    <ClInclude Include="..\SSAO\OSCB.h">
      <Filter>Header Files</Filter>
    </ClInclude>
    <ClInclude Include="..\SSAO\Shader.h">
      <Filter>Header Files</Filter>
    </ClInclude>
    <ClInclude Include="..\SSAO\svd.h">
      <Filter>Header Files</Filter>
    </ClInclude>
    <ClInclude Include="..\LineAO\MyLineAO.h">
      <Filter>Header Files</Filter>
    </ClInclude>
    <ClInclude Include="..\DDH\MyTrackDDH.h">
      <Filter>Header Files</Filter>
    </ClInclude>
    <ClInclude Include="..\DDH\MyTubeDDH.h">
      <Filter>Header Files</Filter>
    </ClInclude>
    <ClInclude Include="..\SSAO\MySphere.h">
      <Filter>Header Files</Filter>
    </ClInclude>
    <ClInclude Include="..\SSAO\MySphereGeometry.h">
      <Filter>Header Files</Filter>
    </ClInclude>
    <ClInclude Include="..\LineAO\MySphereAOGeometry.h">
      <Filter>Header Files</Filter>
    </ClInclude>
    <ClInclude Include="..\DDH\MySphereDDHGeometry.h">
      <Filter>Header Files</Filter>
    </ClInclude>
    <ClInclude Include="MyTaskBoxDrawer.h">
      <Filter>Header Files</Filter>
    </ClInclude>
    <ClInclude Include="MyConstants.h">
      <Filter>Header Files</Filter>
    </ClInclude>
    <ClInclude Include="MyButton.h">
      <Filter>Header Files</Filter>
    </ClInclude>
    <ClInclude Include="..\SSAO\MyBoundingObject.h">
      <Filter>Header Files</Filter>
    </ClInclude>
    <ClInclude Include="MyUI.h">
      <Filter>Header Files</Filter>
    </ClInclude>
    <ClInclude Include="MyUIObject.h">
      <Filter>Header Files</Filter>
    </ClInclude>
    <ClInclude Include="MyTextArea.h">
      <Filter>Header Files</Filter>
    </ClInclude>
    <ClInclude Include="MyToggleButton.h">
      <Filter>Header Files</Filter>
    </ClInclude>
    <ClInclude Include="MyLogTable.h">
      <Filter>Header Files</Filter>
    </ClInclude>
    <ClInclude Include="MyNumberArea.h">
      <Filter>Header Files</Filter>
    </ClInclude>
    <ClInclude Include="MyRenderingLog.h">
      <Filter>Header Files</Filter>
    </ClInclude>
    <ClInclude Include="MyColorLegend.h">
      <Filter>Header Files</Filter>
    </ClInclude>
    <ClInclude Include="CIEDE2000.h">
      <Filter>Header Files</Filter>
    </ClInclude>
    <ClInclude Include="MyColorConverter.h">
      <Filter>Header Files</Filter>
    </ClInclude>
    <ClInclude Include="..\SSAO\MyTrackVisLabelled.h">
      <Filter>Header Files</Filter>
    </ClInclude>
    <ClInclude Include="MyEventLog.h">
      <Filter>Header Files</Filter>
    </ClInclude>
    <ClInclude Include="MyTractVisBaseLegend.h">
      <Filter>Header Files</Filter>
    </ClInclude>
  </ItemGroup>
  <ItemGroup>
    <ClCompile Include="MyVisEnum.cpp">
      <Filter>Source Files</Filter>
    </ClCompile>
    <ClCompile Include="MyVisInfo.cpp">
      <Filter>Source Files</Filter>
    </ClCompile>
    <ClCompile Include="MyVisData.cpp">
      <Filter>Source Files</Filter>
    </ClCompile>
    <ClCompile Include="MyVisTrialManager.cpp">
      <Filter>Source Files</Filter>
    </ClCompile>
    <ClCompile Include="MyVisTract.cpp">
      <Filter>Source Files</Filter>
    </ClCompile>
    <ClCompile Include="MyVisRankingApp.cpp">
      <Filter>Source Files</Filter>
    </ClCompile>
    <ClCompile Include="..\SSAO\MyTracks.cpp">
      <Filter>Source Files</Filter>
    </ClCompile>
    <ClCompile Include="..\SSAO\MyTractVisBase.cpp">
      <Filter>Source Files</Filter>
    </ClCompile>
    <ClCompile Include="..\SSAO\MySuperquadric.cpp">
      <Filter>Source Files</Filter>
    </ClCompile>
    <ClCompile Include="..\SSAO\MyBitmap.cpp">
      <Filter>Source Files</Filter>
    </ClCompile>
    <ClCompile Include="..\SSAO\MyBlackBodyColor.cpp">
      <Filter>Source Files</Filter>
    </ClCompile>
    <ClCompile Include="..\SSAO\MyBlurPass.cpp">
      <Filter>Source Files</Filter>
    </ClCompile>
    <ClCompile Include="..\SSAO\MyBoundingBox.cpp">
      <Filter>Source Files</Filter>
    </ClCompile>
    <ClCompile Include="..\SSAO\MyFrameBuffer.cpp">
      <Filter>Source Files</Filter>
    </ClCompile>
    <ClCompile Include="..\SSAO\MyGraphicsTool.cpp">
      <Filter>Source Files</Filter>
    </ClCompile>
    <ClCompile Include="..\SSAO\MyImage.cpp">
      <Filter>Source Files</Filter>
    </ClCompile>
    <ClCompile Include="..\SSAO\MyLightingPass.cpp">
      <Filter>Source Files</Filter>
    </ClCompile>
    <ClCompile Include="..\SSAO\MyMathHelper.cpp">
      <Filter>Source Files</Filter>
    </ClCompile>
    <ClCompile Include="..\SSAO\MyMesh.cpp">
      <Filter>Source Files</Filter>
    </ClCompile>
    <ClCompile Include="..\SSAO\MyPrimitiveDrawer.cpp">
      <Filter>Source Files</Filter>
    </ClCompile>
    <ClCompile Include="..\SSAO\MyQuadGeometry.cpp">
      <Filter>Source Files</Filter>
    </ClCompile>
    <ClCompile Include="..\SSAO\MyQuarternion.cpp">
      <Filter>Source Files</Filter>
    </ClCompile>
    <ClCompile Include="..\SSAO\MySsaoPass.cpp">
      <Filter>Source Files</Filter>
    </ClCompile>
    <ClCompile Include="..\SSAO\MyString.cpp">
      <Filter>Source Files</Filter>
    </ClCompile>
    <ClCompile Include="..\SSAO\MyTexture.cpp">
      <Filter>Source Files</Filter>
    </ClCompile>
    <ClCompile Include="..\SSAO\MyTrackBall.cpp">
      <Filter>Source Files</Filter>
    </ClCompile>
    <ClCompile Include="..\SSAO\MyTrackRings.cpp">
      <Filter>Source Files</Filter>
    </ClCompile>
    <ClCompile Include="..\SSAO\OSCB.cpp">
      <Filter>Source Files</Filter>
    </ClCompile>
    <ClCompile Include="..\SSAO\Shader.cpp">
      <Filter>Source Files</Filter>
    </ClCompile>
    <ClCompile Include="..\SSAO\svd.c">
      <Filter>Source Files</Filter>
    </ClCompile>
    <ClCompile Include="..\LineAO\MyLineAO.cpp">
      <Filter>Source Files</Filter>
    </ClCompile>
    <ClCompile Include="..\DDH\MyTrackDDH.cpp">
      <Filter>Source Files</Filter>
    </ClCompile>
    <ClCompile Include="..\DDH\MyTubeDDH.cpp">
      <Filter>Source Files</Filter>
    </ClCompile>
    <ClCompile Include="MyVisRankingApp_GL.cpp">
      <Filter>Source Files</Filter>
    </ClCompile>
    <ClCompile Include="..\SSAO\MySphere.cpp">
      <Filter>Source Files</Filter>
    </ClCompile>
    <ClCompile Include="..\SSAO\MySphereGeometry.cpp">
      <Filter>Source Files</Filter>
    </ClCompile>
    <ClCompile Include="..\LineAO\MySphereAOGeometry.cpp">
      <Filter>Source Files</Filter>
    </ClCompile>
    <ClCompile Include="..\DDH\MySphereDDHGeometry.cpp">
      <Filter>Source Files</Filter>
    </ClCompile>
    <ClCompile Include="MyTaskBoxDrawer.cpp">
      <Filter>Source Files</Filter>
    </ClCompile>
    <ClCompile Include="MyVisRankingApp_UI.cpp">
      <Filter>Source Files</Filter>
    </ClCompile>
    <ClCompile Include="MyVisRankingApp_DataGen.cpp">
      <Filter>Source Files</Filter>
    </ClCompile>
    <ClCompile Include="MyConstants.cpp">
      <Filter>Source Files</Filter>
    </ClCompile>
    <ClCompile Include="MyButton.cpp">
      <Filter>Source Files</Filter>
    </ClCompile>
    <ClCompile Include="MyUI.cpp">
      <Filter>Source Files</Filter>
    </ClCompile>
    <ClCompile Include="MyTextArea.cpp">
      <Filter>Source Files</Filter>
    </ClCompile>
    <ClCompile Include="MyUIObject.cpp">
      <Filter>Source Files</Filter>
    </ClCompile>
    <ClCompile Include="MyToggleButton.cpp">
      <Filter>Source Files</Filter>
    </ClCompile>
    <ClCompile Include="MyLogTable.cpp">
      <Filter>Source Files</Filter>
    </ClCompile>
    <ClCompile Include="MyNumberArea.cpp">
      <Filter>Source Files</Filter>
    </ClCompile>
    <ClCompile Include="MyRenderingLog.cpp">
      <Filter>Source Files</Filter>
    </ClCompile>
    <ClCompile Include="MyColorLegend.cpp">
      <Filter>Source Files</Filter>
    </ClCompile>
    <ClCompile Include="CIEDE2000.cpp">
      <Filter>Source Files</Filter>
    </ClCompile>
    <ClCompile Include="MyColorConverter.cpp">
      <Filter>Source Files</Filter>
    </ClCompile>
    <ClCompile Include="appTest.cpp">
      <Filter>MainTest</Filter>
    </ClCompile>
    <ClCompile Include="parameterTest.cpp">
      <Filter>MainTest</Filter>
    </ClCompile>
    <ClCompile Include="colorMapTest.cpp">
      <Filter>MainTest</Filter>
    </ClCompile>
    <ClCompile Include="openMPtest.cpp">
      <Filter>MainTest</Filter>
    </ClCompile>
    <ClCompile Include="tractView.cpp">
      <Filter>MainTest</Filter>
    </ClCompile>
    <ClCompile Include="..\SSAO\MyTractVisLabelled.cpp">
      <Filter>Source Files</Filter>
    </ClCompile>
    <ClCompile Include="MyEventLog.cpp">
      <Filter>Source Files</Filter>
    </ClCompile>
    <ClCompile Include="MyTractVisBaseLegend.cpp">
      <Filter>Source Files</Filter>
    </ClCompile>
    <ClCompile Include="glyphTest.cpp">
      <Filter>MainTest</Filter>
    </ClCompile>
  </ItemGroup>
  <ItemGroup>
    <None Include="..\SSAO\shaders\blur.frag">
      <Filter>Shaders</Filter>
    </None>
    <None Include="..\SSAO\shaders\blur.vert">
      <Filter>Shaders</Filter>
    </None>
    <None Include="..\SSAO\shaders\lighting.frag">
      <Filter>Shaders</Filter>
    </None>
    <None Include="..\SSAO\shaders\lighting.vert">
      <Filter>Shaders</Filter>
    </None>
    <None Include="..\SSAO\Shaders\ring.frag">
      <Filter>Shaders</Filter>
    </None>
    <None Include="..\SSAO\Shaders\ring.vert">
      <Filter>Shaders</Filter>
    </None>
    <None Include="..\SSAO\shaders\ssao.frag">
      <Filter>Shaders</Filter>
    </None>
    <None Include="..\SSAO\shaders\ssao.vert">
      <Filter>Shaders</Filter>
    </None>
    <None Include="..\SSAO\Shaders\geom.frag">
      <Filter>Shaders</Filter>
    </None>
    <None Include="..\SSAO\Shaders\geom.vert">
      <Filter>Shaders</Filter>
    </None>
  </ItemGroup>
</Project>