<?xml version="1.0" encoding="utf-8"?>
<Project ToolsVersion="4.0" xmlns="http://schemas.microsoft.com/developer/msbuild/2003">
  <ItemGroup>
    <Filter Include="Source Files">
      <UniqueIdentifier>{4FC737F1-C7A5-4376-A066-2A32D752A2FF}</UniqueIdentifier>
      <Extensions>cpp;c;cc;cxx;def;odl;idl;hpj;bat;asm;asmx</Extensions>
    </Filter>
    <Filter Include="Header Files">
      <UniqueIdentifier>{93995380-89BD-4b04-88EB-625FBE52EBFB}</UniqueIdentifier>
      <Extensions>h;hh;hpp;hxx;hm;inl;inc;xsd</Extensions>
    </Filter>
    <Filter Include="Shaders">
      <UniqueIdentifier>{23108efc-9dbc-49ec-8c80-4e6a21e5cf05}</UniqueIdentifier>
    </Filter>
  </ItemGroup>
  <ItemGroup>
    <ClInclude Include="MyFrameBuffer.h">
      <Filter>Header Files</Filter>
    </ClInclude>
    <ClInclude Include="MyVec.h">
      <Filter>Header Files</Filter>
    </ClInclude>
    <ClInclude Include="MyTracks.h">
      <Filter>Header Files</Filter>
    </ClInclude>
    <ClInclude Include="MyTrackBall.h">
      <Filter>Header Files</Filter>
    </ClInclude>
    <ClInclude Include="MyColor4.h">
      <Filter>Header Files</Filter>
    </ClInclude>
    <ClInclude Include="MyBox.h">
      <Filter>Header Files</Filter>
    </ClInclude>
    <ClInclude Include="MyBoundingBox.h">
      <Filter>Header Files</Filter>
    </ClInclude>
    <ClInclude Include="MyArray.h">
      <Filter>Header Files</Filter>
    </ClInclude>
    <ClInclude Include="MyString.h">
      <Filter>Header Files</Filter>
    </ClInclude>
    <ClInclude Include="MyPrimitiveDrawer.h">
      <Filter>Header Files</Filter>
    </ClInclude>
    <ClInclude Include="MyGraphicsTool.h">
      <Filter>Header Files</Filter>
    </ClInclude>
    <ClInclude Include="MyMatrix.h">
      <Filter>Header Files</Filter>
    </ClInclude>
    <ClInclude Include="Shader.h">
      <Filter>Header Files</Filter>
    </ClInclude>
    <ClInclude Include="MyLine.h">
      <Filter>Header Files</Filter>
    </ClInclude>
    <ClInclude Include="MyPolyLine.h">
      <Filter>Header Files</Filter>
    </ClInclude>
    <ClInclude Include="MyQuarternion.h">
      <Filter>Header Files</Filter>
    </ClInclude>
    <ClInclude Include="MySsaoPass.h">
      <Filter>Header Files</Filter>
    </ClInclude>
    <ClInclude Include="MyMathHelper.h">
      <Filter>Header Files</Filter>
    </ClInclude>
    <ClInclude Include="svd.h">
      <Filter>Header Files</Filter>
    </ClInclude>
    <ClInclude Include="MyBlurPass.h">
      <Filter>Header Files</Filter>
    </ClInclude>
    <ClInclude Include="MyQuadGeometry.h">
      <Filter>Header Files</Filter>
    </ClInclude>
    <ClInclude Include="MyLightingPass.h">
      <Filter>Header Files</Filter>
    </ClInclude>
    <ClInclude Include="MyMesh.h">
      <Filter>Header Files</Filter>
    </ClInclude>
    <ClInclude Include="OSCB.h">
      <Filter>Header Files</Filter>
    </ClInclude>
    <ClInclude Include="MyTrackRings.h">
      <Filter>Header Files</Filter>
    </ClInclude>
    <ClInclude Include="MyBlackBodyColor.h">
      <Filter>Header Files</Filter>
    </ClInclude>
    <ClInclude Include="MyBitmap.h">
      <Filter>Header Files</Filter>
    </ClInclude>
    <ClInclude Include="MyImage.h">
      <Filter>Header Files</Filter>
    </ClInclude>
    <ClInclude Include="MyUtility.h">
      <Filter>Header Files</Filter>
    </ClInclude>
    <ClInclude Include="MyTractVisBase.h">
      <Filter>Header Files</Filter>
    </ClInclude>
    <ClInclude Include="MyTracks_old.h">
      <Filter>Header Files</Filter>
    </ClInclude>
  </ItemGroup>
  <ItemGroup>
    <ClCompile Include="main.cpp">
      <Filter>Source Files</Filter>
    </ClCompile>
    <ClCompile Include="MyTracks.cpp">
      <Filter>Source Files</Filter>
    </ClCompile>
    <ClCompile Include="MyTrackBall.cpp">
      <Filter>Source Files</Filter>
    </ClCompile>
    <ClCompile Include="MyBoundingBox.cpp">
      <Filter>Source Files</Filter>
    </ClCompile>
    <ClCompile Include="MyString.cpp">
      <Filter>Source Files</Filter>
    </ClCompile>
    <ClCompile Include="MyPrimitiveDrawer.cpp">
      <Filter>Source Files</Filter>
    </ClCompile>
    <ClCompile Include="MyGraphicsTool.cpp">
      <Filter>Source Files</Filter>
    </ClCompile>
    <ClCompile Include="MyQuarternion.cpp">
      <Filter>Source Files</Filter>
    </ClCompile>
    <ClCompile Include="MyFrameBuffer.cpp">
      <Filter>Source Files</Filter>
    </ClCompile>
    <ClCompile Include="MySsaoPass.cpp">
      <Filter>Source Files</Filter>
    </ClCompile>
    <ClCompile Include="MyMathHelper.cpp">
      <Filter>Source Files</Filter>
    </ClCompile>
    <ClCompile Include="svd.c">
      <Filter>Source Files</Filter>
    </ClCompile>
    <ClCompile Include="MyBlurPass.cpp">
      <Filter>Source Files</Filter>
    </ClCompile>
    <ClCompile Include="MyQuadGeometry.cpp">
      <Filter>Source Files</Filter>
    </ClCompile>
    <ClCompile Include="Shader.cpp">
      <Filter>Source Files</Filter>
    </ClCompile>
    <ClCompile Include="MyLightingPass.cpp">
      <Filter>Source Files</Filter>
    </ClCompile>
    <ClCompile Include="MyMesh.cpp">
      <Filter>Source Files</Filter>
    </ClCompile>
    <ClCompile Include="meshTransform.cpp">
      <Filter>Source Files</Filter>
    </ClCompile>
    <ClCompile Include="OSCB.cpp">
      <Filter>Source Files</Filter>
    </ClCompile>
    <ClCompile Include="MyTrackRings.cpp">
      <Filter>Source Files</Filter>
    </ClCompile>
    <ClCompile Include="MyBlackBodyColor.cpp">
      <Filter>Source Files</Filter>
    </ClCompile>
    <ClCompile Include="MyBitmap.cpp">
      <Filter>Source Files</Filter>
    </ClCompile>
    <ClCompile Include="MyImage.cpp">
      <Filter>Source Files</Filter>
    </ClCompile>
    <ClCompile Include="converter.cpp">
      <Filter>Source Files</Filter>
    </ClCompile>
    <ClCompile Include="triangleMatch.cpp">
      <Filter>Source Files</Filter>
    </ClCompile>
    <ClCompile Include="MyTractVisBase.cpp">
      <Filter>Source Files</Filter>
    </ClCompile>
    <ClCompile Include="MyTracks_old.cpp">
      <Filter>Source Files</Filter>
    </ClCompile>
  </ItemGroup>
  <ItemGroup>
    <None Include="shaders\ssao.frag">
      <Filter>Shaders</Filter>
    </None>
    <None Include="shaders\ssao.vert">
      <Filter>Shaders</Filter>
    </None>
    <None Include="shaders\blur.frag">
      <Filter>Shaders</Filter>
    </None>
    <None Include="shaders\blur.vert">
      <Filter>Shaders</Filter>
    </None>
    <None Include="shaders\lighting.frag">
      <Filter>Shaders</Filter>
    </None>
    <None Include="shaders\lighting.vert">
      <Filter>Shaders</Filter>
    </None>
    <None Include="Shaders\geom.vert">
      <Filter>Shaders</Filter>
    </None>
    <None Include="Shaders\geom.frag">
      <Filter>Shaders</Filter>
    </None>
    <None Include="Shaders\ring.vert">
      <Filter>Shaders</Filter>
    </None>
    <None Include="Shaders\ring.frag">
      <Filter>Shaders</Filter>
    </None>
  </ItemGroup>
</Project>